{
  "name": "SCANdoo",
  "lockfileVersion": 2,
  "requires": true,
  "packages": {
    "": {
      "dependencies": {
        "html5-qrcode": "^2.2.8"
      }
    },
    "node_modules/html5-qrcode": {
      "version": "2.2.8",
      "resolved": "https://registry.npmjs.org/html5-qrcode/-/html5-qrcode-2.2.8.tgz",
      "integrity": "sha512-Fvb7HmMmLex3xNXdzNfzLReiFw85ZuomALJTt8vB/Uu1ZFRGKw55kGc8j+APT08jJ28Kjr2SODHsrIJtPgvsQw=="
    }
  },
  "dependencies": {
    "html5-qrcode": {
      "version": "2.2.8",
      "resolved": "https://registry.npmjs.org/html5-qrcode/-/html5-qrcode-2.2.8.tgz",
      "integrity": "sha512-Fvb7HmMmLex3xNXdzNfzLReiFw85ZuomALJTt8vB/Uu1ZFRGKw55kGc8j+APT08jJ28Kjr2SODHsrIJtPgvsQw=="
    }
  }
}
