{
  "name": "SCANdoo",
  "lockfileVersion": 2,
  "requires": true,
  "packages": {
    "": {
      "dependencies": {
        "html5-qrcode": "^2.2.8",
        "print-js": "^1.6.0"
      }
    },
    "node_modules/html5-qrcode": {
      "version": "2.2.8",
      "resolved": "https://registry.npmjs.org/html5-qrcode/-/html5-qrcode-2.2.8.tgz",
      "integrity": "sha512-Fvb7HmMmLex3xNXdzNfzLReiFw85ZuomALJTt8vB/Uu1ZFRGKw55kGc8j+APT08jJ28Kjr2SODHsrIJtPgvsQw=="
    },
    "node_modules/print-js": {
      "version": "1.6.0",
      "resolved": "https://registry.npmjs.org/print-js/-/print-js-1.6.0.tgz",
      "integrity": "sha512-BfnOIzSKbqGRtO4o0rnj/K3681BSd2QUrsIZy/+WdCIugjIswjmx3lDEZpXB2ruGf9d4b3YNINri81+J0FsBWg=="
    }
  },
  "dependencies": {
    "html5-qrcode": {
      "version": "2.2.8",
      "resolved": "https://registry.npmjs.org/html5-qrcode/-/html5-qrcode-2.2.8.tgz",
      "integrity": "sha512-Fvb7HmMmLex3xNXdzNfzLReiFw85ZuomALJTt8vB/Uu1ZFRGKw55kGc8j+APT08jJ28Kjr2SODHsrIJtPgvsQw=="
    },
    "print-js": {
      "version": "1.6.0",
      "resolved": "https://registry.npmjs.org/print-js/-/print-js-1.6.0.tgz",
      "integrity": "sha512-BfnOIzSKbqGRtO4o0rnj/K3681BSd2QUrsIZy/+WdCIugjIswjmx3lDEZpXB2ruGf9d4b3YNINri81+J0FsBWg=="
    }
  }
}
